
Microsoft Visual Studio Solution File, Format Version 12.00
# Visual Studio Version 17
VisualStudioVersion = 17.12.35707.178
MinimumVisualStudioVersion = 10.0.40219.1
Project("{FAE04EC0-301F-11D3-BF4B-00C04F79EFBC}") = "Proyecto", "Proyecto\Proyecto.csproj", "{617AF562-E8C1-49D6-892C-E03A8B0F94CE}"
EndProject
Project("{FAE04EC0-301F-11D3-BF4B-00C04F79EFBC}") = "Negocio", "Negocio\Negocio.csproj", "{6EA24A05-8DC8-464D-9A2B-19F86EEEF4B6}"
EndProject
Project("{FAE04EC0-301F-11D3-BF4B-00C04F79EFBC}") = "Datos", "Conexion\Datos.csproj", "{E4CF7076-FE7B-4601-AEE2-E50AE5E26C85}"
EndProject
Project("{FAE04EC0-301F-11D3-BF4B-00C04F79EFBC}") = "Objetos", "Objetos\Objetos.csproj", "{37A39724-0489-450A-A1DC-E6B402C00F94}"
EndProject
Global
	GlobalSection(SolutionConfigurationPlatforms) = preSolution
		Debug|Any CPU = Debug|Any CPU
		Release|Any CPU = Release|Any CPU
	EndGlobalSection
	GlobalSection(ProjectConfigurationPlatforms) = postSolution
		{617AF562-E8C1-49D6-892C-E03A8B0F94CE}.Debug|Any CPU.ActiveCfg = Debug|Any CPU
		{617AF562-E8C1-49D6-892C-E03A8B0F94CE}.Debug|Any CPU.Build.0 = Debug|Any CPU
		{617AF562-E8C1-49D6-892C-E03A8B0F94CE}.Release|Any CPU.ActiveCfg = Release|Any CPU
		{617AF562-E8C1-49D6-892C-E03A8B0F94CE}.Release|Any CPU.Build.0 = Release|Any CPU
		{6EA24A05-8DC8-464D-9A2B-19F86EEEF4B6}.Debug|Any CPU.ActiveCfg = Debug|Any CPU
		{6EA24A05-8DC8-464D-9A2B-19F86EEEF4B6}.Debug|Any CPU.Build.0 = Debug|Any CPU
		{6EA24A05-8DC8-464D-9A2B-19F86EEEF4B6}.Release|Any CPU.ActiveCfg = Release|Any CPU
		{6EA24A05-8DC8-464D-9A2B-19F86EEEF4B6}.Release|Any CPU.Build.0 = Release|Any CPU
		{E4CF7076-FE7B-4601-AEE2-E50AE5E26C85}.Debug|Any CPU.ActiveCfg = Debug|Any CPU
		{E4CF7076-FE7B-4601-AEE2-E50AE5E26C85}.Debug|Any CPU.Build.0 = Debug|Any CPU
		{E4CF7076-FE7B-4601-AEE2-E50AE5E26C85}.Release|Any CPU.ActiveCfg = Release|Any CPU
		{E4CF7076-FE7B-4601-AEE2-E50AE5E26C85}.Release|Any CPU.Build.0 = Release|Any CPU
		{37A39724-0489-450A-A1DC-E6B402C00F94}.Debug|Any CPU.ActiveCfg = Debug|Any CPU
		{37A39724-0489-450A-A1DC-E6B402C00F94}.Debug|Any CPU.Build.0 = Debug|Any CPU
		{37A39724-0489-450A-A1DC-E6B402C00F94}.Release|Any CPU.ActiveCfg = Release|Any CPU
		{37A39724-0489-450A-A1DC-E6B402C00F94}.Release|Any CPU.Build.0 = Release|Any CPU
	EndGlobalSection
	GlobalSection(SolutionProperties) = preSolution
		HideSolutionNode = FALSE
	EndGlobalSection
EndGlobal
